
Microsoft Visual Studio Solution File, Format Version 12.00
# Visual Studio Version 16
VisualStudioVersion = 16.0.30406.217
MinimumVisualStudioVersion = 10.0.40219.1
Project("{FAE04EC0-301F-11D3-BF4B-00C04F79EFBC}") = "FastFood", "CnWeb-FastFood\FastFood.csproj", "{C990D786-AEA6-4DD6-8EB4-69F176B342AF}"
EndProject
Project("{FAE04EC0-301F-11D3-BF4B-00C04F79EFBC}") = "Common", "Common\Common.csproj", "{E0FAADFD-DA50-42D8-BB34-C10D866FADF7}"
EndProject
Global
	GlobalSection(SolutionConfigurationPlatforms) = preSolution
		Debug|Any CPU = Debug|Any CPU
		Release|Any CPU = Release|Any CPU
	EndGlobalSection
	GlobalSection(ProjectConfigurationPlatforms) = postSolution
		{C990D786-AEA6-4DD6-8EB4-69F176B342AF}.Debug|Any CPU.ActiveCfg = Debug|Any CPU
		{C990D786-AEA6-4DD6-8EB4-69F176B342AF}.Debug|Any CPU.Build.0 = Debug|Any CPU
		{C990D786-AEA6-4DD6-8EB4-69F176B342AF}.Release|Any CPU.ActiveCfg = Release|Any CPU
		{C990D786-AEA6-4DD6-8EB4-69F176B342AF}.Release|Any CPU.Build.0 = Release|Any CPU
		{E0FAADFD-DA50-42D8-BB34-C10D866FADF7}.Debug|Any CPU.ActiveCfg = Debug|Any CPU
		{E0FAADFD-DA50-42D8-BB34-C10D866FADF7}.Debug|Any CPU.Build.0 = Debug|Any CPU
		{E0FAADFD-DA50-42D8-BB34-C10D866FADF7}.Release|Any CPU.ActiveCfg = Release|Any CPU
		{E0FAADFD-DA50-42D8-BB34-C10D866FADF7}.Release|Any CPU.Build.0 = Release|Any CPU
	EndGlobalSection
	GlobalSection(SolutionProperties) = preSolution
		HideSolutionNode = FALSE
	EndGlobalSection
	GlobalSection(ExtensibilityGlobals) = postSolution
		SolutionGuid = {C5810597-F775-4BFB-ADF4-7CDA23CC5518}
	EndGlobalSection
EndGlobal
